
Microsoft Visual Studio Solution File, Format Version 12.00
# Visual Studio Version 17
VisualStudioVersion = 17.3.32825.248
MinimumVisualStudioVersion = 10.0.40219.1
Project("{9A19103F-16F7-4668-BE54-9A1E7A4F7556}") = "AppLayer", "Electronics_Shop_Sample\AppLayer\AppLayer.csproj", "{D412C8FB-D944-4C29-9C9C-0061B66A6467}"
EndProject
Project("{9A19103F-16F7-4668-BE54-9A1E7A4F7556}") = "DAL", "Electronics_Shop_Sample\DAL\DAL.csproj", "{D2D393DC-86C0-41BE-97CE-6420DDA0F272}"
EndProject
Global
	GlobalSection(SolutionConfigurationPlatforms) = preSolution
		Debug|Any CPU = Debug|Any CPU
		Release|Any CPU = Release|Any CPU
	EndGlobalSection
	GlobalSection(ProjectConfigurationPlatforms) = postSolution
		{D412C8FB-D944-4C29-9C9C-0061B66A6467}.Debug|Any CPU.ActiveCfg = Debug|Any CPU
		{D412C8FB-D944-4C29-9C9C-0061B66A6467}.Debug|Any CPU.Build.0 = Debug|Any CPU
		{D412C8FB-D944-4C29-9C9C-0061B66A6467}.Release|Any CPU.ActiveCfg = Release|Any CPU
		{D412C8FB-D944-4C29-9C9C-0061B66A6467}.Release|Any CPU.Build.0 = Release|Any CPU
		{D2D393DC-86C0-41BE-97CE-6420DDA0F272}.Debug|Any CPU.ActiveCfg = Debug|Any CPU
		{D2D393DC-86C0-41BE-97CE-6420DDA0F272}.Debug|Any CPU.Build.0 = Debug|Any CPU
		{D2D393DC-86C0-41BE-97CE-6420DDA0F272}.Release|Any CPU.ActiveCfg = Release|Any CPU
		{D2D393DC-86C0-41BE-97CE-6420DDA0F272}.Release|Any CPU.Build.0 = Release|Any CPU
	EndGlobalSection
	GlobalSection(SolutionProperties) = preSolution
		HideSolutionNode = FALSE
	EndGlobalSection
	GlobalSection(ExtensibilityGlobals) = postSolution
		SolutionGuid = {45B682E2-EBB8-46DD-94CA-B60FC7FE1AE6}
	EndGlobalSection
EndGlobal
